<?xml version="1.0" encoding="utf-8"?>
<Project ToolsVersion="4.0" xmlns="http://schemas.microsoft.com/developer/msbuild/2003">
  <ItemGroup>
    <Filter Include="src">
      <UniqueIdentifier>{bad1090e-ca18-4d6e-b8b9-1e5fcc2dcb4c}</UniqueIdentifier>
    </Filter>
    <Filter Include="include">
      <UniqueIdentifier>{565ace67-3451-435b-8592-5cd8afd474a7}</UniqueIdentifier>
    </Filter>
    <Filter Include="include\whi_teleop_joystick">
      <UniqueIdentifier>{74517a21-e445-4438-add9-a3cfd26ec024}</UniqueIdentifier>
    </Filter>
    <Filter Include="src\sdk">
      <UniqueIdentifier>{2e0fcff2-8a44-42b5-9b52-abb744fd58c5}</UniqueIdentifier>
    </Filter>
  </ItemGroup>
  <ItemGroup>
    <ClCompile Include="src\whi_teleop_joystick_node.cpp">
      <Filter>src</Filter>
    </ClCompile>
    <ClCompile Include="src\sdk\whi_teleop_joystick.cpp">
      <Filter>src\sdk</Filter>
    </ClCompile>
  </ItemGroup>
  <ItemGroup>
    <ClInclude Include="include\whi_teleop_joystick\whi_teleop_joystick.h">
      <Filter>include\whi_teleop_joystick</Filter>
    </ClInclude>
  </ItemGroup>
</Project>